helm.sh/helm/v3 v3.16.2 h1:Y9v7ry+ubQmi+cb5zw1Llx8OKHU9Hk9NQ/+P+LGBe2o=
helm.sh/helm/v3 v3.16.2/go.mod h1:SyTXgKBjNqi2NPsHCW5dDAsHqvGIu0kdNYNH9gQaw70=
k8s.io/cli-runtime v0.31.1 h1:/ZmKhmZ6hNqDM+yf9s3Y4KEYakNXUn5sod2LWGGwCuk=
k8s.io/cli-runtime v0.31.1/go.mod h1:pKv1cDIaq7ehWGuXQ+A//1OIF+7DI+xudXtExMCbe9U=
